
Microsoft Visual Studio Solution File, Format Version 12.00
# Visual Studio Version 17
VisualStudioVersion = 17.13.35913.81 d17.13
MinimumVisualStudioVersion = 10.0.40219.1
Project("{FAE04EC0-301F-11D3-BF4B-00C04F79EFBC}") = "KonspektMartin", "KonspektMartin\KonspektMartin.csproj", "{29A4179F-2745-4391-8E49-6760F10CDDA4}"
EndProject
Global
	GlobalSection(SolutionConfigurationPlatforms) = preSolution
		Debug|Any CPU = Debug|Any CPU
		Release|Any CPU = Release|Any CPU
	EndGlobalSection
	GlobalSection(ProjectConfigurationPlatforms) = postSolution
		{29A4179F-2745-4391-8E49-6760F10CDDA4}.Debug|Any CPU.ActiveCfg = Debug|Any CPU
		{29A4179F-2745-4391-8E49-6760F10CDDA4}.Debug|Any CPU.Build.0 = Debug|Any CPU
		{29A4179F-2745-4391-8E49-6760F10CDDA4}.Release|Any CPU.ActiveCfg = Release|Any CPU
		{29A4179F-2745-4391-8E49-6760F10CDDA4}.Release|Any CPU.Build.0 = Release|Any CPU
	EndGlobalSection
	GlobalSection(SolutionProperties) = preSolution
		HideSolutionNode = FALSE
	EndGlobalSection
	GlobalSection(ExtensibilityGlobals) = postSolution
		SolutionGuid = {000D27EA-90FC-4A3A-8D15-0E4EE0B08122}
	EndGlobalSection
EndGlobal
